// !$*UTF8*$!
{
	archiveVersion = 1;
	classes = {
	};
	objectVersion = 46;
	objects = {

/* Begin PBXBuildFile section */
		618593DA1ED6FDF800A3916C /* main.cpp in Sources */ = {isa = PBXBuildFile; fileRef = 618593D71ED6FDF800A3916C /* main.cpp */; };
		618593DD1ED6FE0C00A3916C /* ApplicationServices.framework in Frameworks */ = {isa = PBXBuildFile; fileRef = 618593DC1ED6FE0C00A3916C /* ApplicationServices.framework */; };
/* End PBXBuildFile section */

/* Begin PBXCopyFilesBuildPhase section */
		618593CB1ED6FD9700A3916C /* CopyFiles */ = {
			isa = PBXCopyFilesBuildPhase;
			buildActionMask = 2147483647;
			dstPath = /usr/share/man/man1/;
			dstSubfolderSpec = 0;
			files = (
			);
			runOnlyForDeploymentPostprocessing = 1;
		};
/* End PBXCopyFilesBuildPhase section */

/* Begin PBXFileReference section */
		618593CD1ED6FD9700A3916C /* CSGO-Hack-macOS */ = {isa = PBXFileReference; explicitFileType = "compiled.mach-o.executable"; includeInIndex = 0; path = "CSGO-Hack-macOS"; sourceTree = BUILT_PRODUCTS_DIR; };
		618593D71ED6FDF800A3916C /* main.cpp */ = {isa = PBXFileReference; fileEncoding = 4; lastKnownFileType = sourcecode.cpp.cpp; path = main.cpp; sourceTree = "<group>"; };
		618593D81ED6FDF800A3916C /* memory */ = {isa = PBXFileReference; lastKnownFileType = folder; path = memory; sourceTree = "<group>"; };
		618593D91ED6FDF800A3916C /* utils */ = {isa = PBXFileReference; lastKnownFileType = folder; path = utils; sourceTree = "<group>"; };
		618593DC1ED6FE0C00A3916C /* ApplicationServices.framework */ = {isa = PBXFileReference; lastKnownFileType = wrapper.framework; name = ApplicationServices.framework; path = System/Library/Frameworks/ApplicationServices.framework; sourceTree = SDKROOT; };
/* End PBXFileReference section */

/* Begin PBXFrameworksBuildPhase section */
		618593CA1ED6FD9700A3916C /* Frameworks */ = {
			isa = PBXFrameworksBuildPhase;
			buildActionMask = 2147483647;
			files = (
				618593DD1ED6FE0C00A3916C /* ApplicationServices.framework in Frameworks */,
			);
			runOnlyForDeploymentPostprocessing = 0;
		};
/* End PBXFrameworksBuildPhase section */

/* Begin PBXGroup section */
		618593C41ED6FD9700A3916C = {
			isa = PBXGroup;
			children = (
				618593CF1ED6FD9700A3916C /* CSGO-Hack-macOS */,
				618593CE1ED6FD9700A3916C /* Products */,
				618593DB1ED6FE0C00A3916C /* Frameworks */,
			);
			sourceTree = "<group>";
		};
		618593CE1ED6FD9700A3916C /* Products */ = {
			isa = PBXGroup;
			children = (
				618593CD1ED6FD9700A3916C /* CSGO-Hack-macOS */,
			);
			name = Products;
			sourceTree = "<group>";
		};
		618593CF1ED6FD9700A3916C /* CSGO-Hack-macOS */ = {
			isa = PBXGroup;
			children = (
				618593D71ED6FDF800A3916C /* main.cpp */,
				618593D81ED6FDF800A3916C /* memory */,
				618593D91ED6FDF800A3916C /* utils */,
			);
			path = "CSGO-Hack-macOS";
			sourceTree = "<group>";
		};
		618593DB1ED6FE0C00A3916C /* Frameworks */ = {
			isa = PBXGroup;
			children = (
				618593DC1ED6FE0C00A3916C /* ApplicationServices.framework */,
			);
			name = Frameworks;
			sourceTree = "<group>";
		};
/* End PBXGroup section */

/* Begin PBXNativeTarget section */
		618593CC1ED6FD9700A3916C /* CSGO-Hack-macOS */ = {
			isa = PBXNativeTarget;
			buildConfigurationList = 618593D41ED6FD9700A3916C /* Build configuration list for PBXNativeTarget "CSGO-Hack-macOS" */;
			buildPhases = (
				618593C91ED6FD9700A3916C /* Sources */,
				618593CA1ED6FD9700A3916C /* Frameworks */,
				618593CB1ED6FD9700A3916C /* CopyFiles */,
			);
			buildRules = (
			);
			dependencies = (
			);
			name = "CSGO-Hack-macOS";
			productName = "CSGO-Hack-macOS";
			productReference = 618593CD1ED6FD9700A3916C /* CSGO-Hack-macOS */;
			productType = "com.apple.product-type.tool";
		};
/* End PBXNativeTarget section */

/* Begin PBXProject section */
		618593C51ED6FD9700A3916C /* Project object */ = {
			isa = PBXProject;
			attributes = {
				LastUpgradeCheck = 0830;
				TargetAttributes = {
					618593CC1ED6FD9700A3916C = {
						CreatedOnToolsVersion = 8.3.2;
						ProvisioningStyle = Automatic;
					};
				};
			};
			buildConfigurationList = 618593C81ED6FD9700A3916C /* Build configuration list for PBXProject "CSGO-Hack-macOS" */;
			compatibilityVersion = "Xcode 3.2";
			developmentRegion = English;
			hasScannedForEncodings = 0;
			knownRegions = (
				en,
			);
			mainGroup = 618593C41ED6FD9700A3916C;
			productRefGroup = 618593CE1ED6FD9700A3916C /* Products */;
			projectDirPath = "";
			projectRoot = "";
			targets = (
				618593CC1ED6FD9700A3916C /* CSGO-Hack-macOS */,
			);
		};
/* End PBXProject section */

/* Begin PBXSourcesBuildPhase section */
		618593C91ED6FD9700A3916C /* Sources */ = {
			isa = PBXSourcesBuildPhase;
			buildActionMask = 2147483647;
			files = (
				618593DA1ED6FDF800A3916C /* main.cpp in Sources */,
			);
			runOnlyForDeploymentPostprocessing = 0;
		};
/* End PBXSourcesBuildPhase section */

/* Begin XCBuildConfiguration section */
		618593D21ED6FD9700A3916C /* Debug */ = {
			isa = XCBuildConfiguration;
			buildSettings = {
				ALWAYS_SEARCH_USER_PATHS = NO;
				CLANG_ANALYZER_NONNULL = YES;
				CLANG_ANALYZER_NUMBER_OBJECT_CONVERSION = YES_AGGRESSIVE;
				CLANG_CXX_LANGUAGE_STANDARD = "gnu++0x";
				CLANG_CXX_LIBRARY = "libc++";
				CLANG_ENABLE_MODULES = YES;
				CLANG_ENABLE_OBJC_ARC = YES;
				CLANG_WARN_BOOL_CONVERSION = YES;
				CLANG_WARN_CONSTANT_CONVERSION = YES;
				CLANG_WARN_DIRECT_OBJC_ISA_USAGE = YES_ERROR;
				CLANG_WARN_DOCUMENTATION_COMMENTS = YES;
				CLANG_WARN_EMPTY_BODY = YES;
				CLANG_WARN_ENUM_CONVERSION = YES;
				CLANG_WARN_INFINITE_RECURSION = YES;
				CLANG_WARN_INT_CONVERSION = YES;
				CLANG_WARN_OBJC_ROOT_CLASS = YES_ERROR;
				CLANG_WARN_SUSPICIOUS_MOVE = YES;
				CLANG_WARN_UNREACHABLE_CODE = YES;
				CLANG_WARN__DUPLICATE_METHOD_MATCH = YES;
				CODE_SIGN_IDENTITY = "-";
				COPY_PHASE_STRIP = NO;
				DEBUG_INFORMATION_FORMAT = dwarf;
				ENABLE_STRICT_OBJC_MSGSEND = YES;
				ENABLE_TESTABILITY = YES;
				GCC_C_LANGUAGE_STANDARD = gnu99;
				GCC_DYNAMIC_NO_PIC = NO;
				GCC_NO_COMMON_BLOCKS = YES;
				GCC_OPTIMIZATION_LEVEL = 0;
				GCC_PREPROCESSOR_DEFINITIONS = (
					"DEBUG=1",
					"$(inherited)",
				);
				GCC_WARN_64_TO_32_BIT_CONVERSION = YES;
				GCC_WARN_ABOUT_RETURN_TYPE = YES_ERROR;
				GCC_WARN_UNDECLARED_SELECTOR = YES;
				GCC_WARN_UNINITIALIZED_AUTOS = YES_AGGRESSIVE;
				GCC_WARN_UNUSED_FUNCTION = YES;
				GCC_WARN_UNUSED_VARIABLE = YES;
				MACOSX_DEPLOYMENT_TARGET = 10.12;
				MTL_ENABLE_DEBUG_INFO = YES;
				ONLY_ACTIVE_ARCH = YES;
				SDKROOT = macosx;
			};
			name = Debug;
		};
		618593D31ED6FD9700A3916C /* Release */ = {
			isa = XCBuildConfiguration;
			buildSettings = {
				ALWAYS_SEARCH_USER_PATHS = NO;
				CLANG_ANALYZER_NONNULL = YES;
				CLANG_ANALYZER_NUMBER_OBJECT_CONVERSION = YES_AGGRESSIVE;
				CLANG_CXX_LANGUAGE_STANDARD = "gnu++0x";
				CLANG_CXX_LIBRARY = "libc++";
				CLANG_ENABLE_MODULES = YES;
				CLANG_ENABLE_OBJC_ARC = YES;
				CLANG_WARN_BOOL_CONVERSION = YES;
				CLANG_WARN_CONSTANT_CONVERSION = YES;
				CLANG_WARN_DIRECT_OBJC_ISA_USAGE = YES_ERROR;
				CLANG_WARN_DOCUMENTATION_COMMENTS = YES;
				CLANG_WARN_EMPTY_BODY = YES;
				CLANG_WARN_ENUM_CONVERSION = YES;
				CLANG_WARN_INFINITE_RECURSION = YES;
				CLANG_WARN_INT_CONVERSION = YES;
				CLANG_WARN_OBJC_ROOT_CLASS = YES_ERROR;
				CLANG_WARN_SUSPICIOUS_MOVE = YES;
				CLANG_WARN_UNREACHABLE_CODE = YES;
				CLANG_WARN__DUPLICATE_METHOD_MATCH = YES;
				CODE_SIGN_IDENTITY = "-";
				COPY_PHASE_STRIP = NO;
				DEBUG_INFORMATION_FORMAT = "dwarf-with-dsym";
				ENABLE_NS_ASSERTIONS = NO;
				ENABLE_STRICT_OBJC_MSGSEND = YES;
				GCC_C_LANGUAGE_STANDARD = gnu99;
				GCC_NO_COMMON_BLOCKS = YES;
				GCC_WARN_64_TO_32_BIT_CONVERSION = YES;
				GCC_WARN_ABOUT_RETURN_TYPE = YES_ERROR;
				GCC_WARN_UNDECLARED_SELECTOR = YES;
				GCC_WARN_UNINITIALIZED_AUTOS = YES_AGGRESSIVE;
				GCC_WARN_UNUSED_FUNCTION = YES;
				GCC_WARN_UNUSED_VARIABLE = YES;
				MACOSX_DEPLOYMENT_TARGET = 10.12;
				MTL_ENABLE_DEBUG_INFO = NO;
				SDKROOT = macosx;
			};
			name = Release;
		};
		618593D51ED6FD9700A3916C /* Debug */ = {
			isa = XCBuildConfiguration;
			buildSettings = {
				PRODUCT_NAME = "$(TARGET_NAME)";
			};
			name = Debug;
		};
		618593D61ED6FD9700A3916C /* Release */ = {
			isa = XCBuildConfiguration;
			buildSettings = {
				PRODUCT_NAME = "$(TARGET_NAME)";
			};
			name = Release;
		};
/* End XCBuildConfiguration section */

/* Begin XCConfigurationList section */
		618593C81ED6FD9700A3916C /* Build configuration list for PBXProject "CSGO-Hack-macOS" */ = {
			isa = XCConfigurationList;
			buildConfigurations = (
				618593D21ED6FD9700A3916C /* Debug */,
				618593D31ED6FD9700A3916C /* Release */,
			);
			defaultConfigurationIsVisible = 0;
			defaultConfigurationName = Release;
		};
		618593D41ED6FD9700A3916C /* Build configuration list for PBXNativeTarget "CSGO-Hack-macOS" */ = {
			isa = XCConfigurationList;
			buildConfigurations = (
				618593D51ED6FD9700A3916C /* Debug */,
				618593D61ED6FD9700A3916C /* Release */,
			);
			defaultConfigurationIsVisible = 0;
			defaultConfigurationName = Release;
		};
/* End XCConfigurationList section */
	};
	rootObject = 618593C51ED6FD9700A3916C /* Project object */;
}
